
Microsoft Visual Studio Solution File, Format Version 12.00
# Visual Studio Version 17
VisualStudioVersion = 17.11.35303.130
MinimumVisualStudioVersion = 10.0.40219.1
Project("{FAE04EC0-301F-11D3-BF4B-00C04F79EFBC}") = "MonoGameNezTemplate", "MonoGameNezTemplate\MonoGameNezTemplate.csproj", "{F7FDDF14-5A44-4783-88D2-0F18C5DB00E4}"
EndProject
Project("{9A19103F-16F7-4668-BE54-9A1E7A4F7556}") = "Nez.MG38", "Nez\Nez.Portable\Nez.MG38.csproj", "{62A58017-4C23-4EF8-907F-FDCE98C87DF1}"
EndProject
Project("{9A19103F-16F7-4668-BE54-9A1E7A4F7556}") = "Nez.MG38.ImGui", "Nez\Nez.ImGui\Nez.MG38.ImGui.csproj", "{6131DC57-B933-4A0D-B41E-1DE5E9F98676}"
EndProject
Project("{9A19103F-16F7-4668-BE54-9A1E7A4F7556}") = "Nez.MG38.Persistence", "Nez\Nez.Persistence\Nez.MG38.Persistence.csproj", "{50CF6289-84E6-4B28-90B2-52AA9B323307}"
EndProject
Project("{9A19103F-16F7-4668-BE54-9A1E7A4F7556}") = "Nez.MG38.FarseerPhysics", "Nez\Nez.FarseerPhysics\Nez.MG38.FarseerPhysics.csproj", "{C3DB12E6-FCD0-446F-82BA-16A0A9486FD7}"
EndProject
Global
	GlobalSection(SolutionConfigurationPlatforms) = preSolution
		Debug|Any CPU = Debug|Any CPU
		Release|Any CPU = Release|Any CPU
	EndGlobalSection
	GlobalSection(ProjectConfigurationPlatforms) = postSolution
		{F7FDDF14-5A44-4783-88D2-0F18C5DB00E4}.Debug|Any CPU.ActiveCfg = Debug|Any CPU
		{F7FDDF14-5A44-4783-88D2-0F18C5DB00E4}.Debug|Any CPU.Build.0 = Debug|Any CPU
		{F7FDDF14-5A44-4783-88D2-0F18C5DB00E4}.Release|Any CPU.ActiveCfg = Release|Any CPU
		{F7FDDF14-5A44-4783-88D2-0F18C5DB00E4}.Release|Any CPU.Build.0 = Release|Any CPU
		{62A58017-4C23-4EF8-907F-FDCE98C87DF1}.Debug|Any CPU.ActiveCfg = Debug|Any CPU
		{62A58017-4C23-4EF8-907F-FDCE98C87DF1}.Debug|Any CPU.Build.0 = Debug|Any CPU
		{62A58017-4C23-4EF8-907F-FDCE98C87DF1}.Release|Any CPU.ActiveCfg = Release|Any CPU
		{62A58017-4C23-4EF8-907F-FDCE98C87DF1}.Release|Any CPU.Build.0 = Release|Any CPU
		{6131DC57-B933-4A0D-B41E-1DE5E9F98676}.Debug|Any CPU.ActiveCfg = Debug|Any CPU
		{6131DC57-B933-4A0D-B41E-1DE5E9F98676}.Debug|Any CPU.Build.0 = Debug|Any CPU
		{6131DC57-B933-4A0D-B41E-1DE5E9F98676}.Release|Any CPU.ActiveCfg = Release|Any CPU
		{6131DC57-B933-4A0D-B41E-1DE5E9F98676}.Release|Any CPU.Build.0 = Release|Any CPU
		{50CF6289-84E6-4B28-90B2-52AA9B323307}.Debug|Any CPU.ActiveCfg = Debug|Any CPU
		{50CF6289-84E6-4B28-90B2-52AA9B323307}.Debug|Any CPU.Build.0 = Debug|Any CPU
		{50CF6289-84E6-4B28-90B2-52AA9B323307}.Release|Any CPU.ActiveCfg = Release|Any CPU
		{50CF6289-84E6-4B28-90B2-52AA9B323307}.Release|Any CPU.Build.0 = Release|Any CPU
		{C3DB12E6-FCD0-446F-82BA-16A0A9486FD7}.Debug|Any CPU.ActiveCfg = Debug|Any CPU
		{C3DB12E6-FCD0-446F-82BA-16A0A9486FD7}.Debug|Any CPU.Build.0 = Debug|Any CPU
		{C3DB12E6-FCD0-446F-82BA-16A0A9486FD7}.Release|Any CPU.ActiveCfg = Release|Any CPU
		{C3DB12E6-FCD0-446F-82BA-16A0A9486FD7}.Release|Any CPU.Build.0 = Release|Any CPU
	EndGlobalSection
	GlobalSection(SolutionProperties) = preSolution
		HideSolutionNode = FALSE
	EndGlobalSection
	GlobalSection(ExtensibilityGlobals) = postSolution
		SolutionGuid = {0F959D3C-5772-4B8A-9235-10131804939C}
	EndGlobalSection
EndGlobal
